
Microsoft Visual Studio Solution File, Format Version 12.00
# Visual Studio Version 16
VisualStudioVersion = 16.0.31702.278
MinimumVisualStudioVersion = 10.0.40219.1
Project("{9A19103F-16F7-4668-BE54-9A1E7A4F7556}") = "ASP_Trello", "ASP_Trello\ASP_Trello.csproj", "{71C7B976-59FE-4025-9705-CD3B3489C1F3}"
EndProject
Project("{FAE04EC0-301F-11D3-BF4B-00C04F79EFBC}") = "Trello_API", "Trello_API\Trello_API.csproj", "{FC91AA6F-B46B-4CA8-8A3F-8294A711A505}"
EndProject
Global
	GlobalSection(SolutionConfigurationPlatforms) = preSolution
		Debug|Any CPU = Debug|Any CPU
		Release|Any CPU = Release|Any CPU
	EndGlobalSection
	GlobalSection(ProjectConfigurationPlatforms) = postSolution
		{71C7B976-59FE-4025-9705-CD3B3489C1F3}.Debug|Any CPU.ActiveCfg = Debug|Any CPU
		{71C7B976-59FE-4025-9705-CD3B3489C1F3}.Debug|Any CPU.Build.0 = Debug|Any CPU
		{71C7B976-59FE-4025-9705-CD3B3489C1F3}.Release|Any CPU.ActiveCfg = Release|Any CPU
		{71C7B976-59FE-4025-9705-CD3B3489C1F3}.Release|Any CPU.Build.0 = Release|Any CPU
		{FC91AA6F-B46B-4CA8-8A3F-8294A711A505}.Debug|Any CPU.ActiveCfg = Debug|Any CPU
		{FC91AA6F-B46B-4CA8-8A3F-8294A711A505}.Debug|Any CPU.Build.0 = Debug|Any CPU
		{FC91AA6F-B46B-4CA8-8A3F-8294A711A505}.Release|Any CPU.ActiveCfg = Release|Any CPU
		{FC91AA6F-B46B-4CA8-8A3F-8294A711A505}.Release|Any CPU.Build.0 = Release|Any CPU
	EndGlobalSection
	GlobalSection(SolutionProperties) = preSolution
		HideSolutionNode = FALSE
	EndGlobalSection
	GlobalSection(ExtensibilityGlobals) = postSolution
		SolutionGuid = {2DFED851-D6B7-4074-94F5-7214A4DCE302}
	EndGlobalSection
EndGlobal
